
Microsoft Visual Studio Solution File, Format Version 12.00
# Visual Studio Version 16
VisualStudioVersion = 16.0.31112.23
MinimumVisualStudioVersion = 10.0.40219.1
Project("{9A19103F-16F7-4668-BE54-9A1E7A4F7556}") = "BlogLab.Web", "BlogLab.Web\BlogLab.Web.csproj", "{E8853C88-8BE0-482F-A4BF-52C647181E1F}"
EndProject
Project("{9A19103F-16F7-4668-BE54-9A1E7A4F7556}") = "BlogLabModels", "BlogLabModels\BlogLabModels.csproj", "{CBAC0BB4-5D8A-41A5-827A-8B7728B30F90}"
EndProject
Project("{FAE04EC0-301F-11D3-BF4B-00C04F79EFBC}") = "BlogLab.Repository", "BlogLab.Repository\BlogLab.Repository.csproj", "{45241F14-997A-4AD5-9B79-DD86AF2E16C5}"
EndProject
Global
	GlobalSection(SolutionConfigurationPlatforms) = preSolution
		Debug|Any CPU = Debug|Any CPU
		Release|Any CPU = Release|Any CPU
	EndGlobalSection
	GlobalSection(ProjectConfigurationPlatforms) = postSolution
		{E8853C88-8BE0-482F-A4BF-52C647181E1F}.Debug|Any CPU.ActiveCfg = Debug|Any CPU
		{E8853C88-8BE0-482F-A4BF-52C647181E1F}.Debug|Any CPU.Build.0 = Debug|Any CPU
		{E8853C88-8BE0-482F-A4BF-52C647181E1F}.Release|Any CPU.ActiveCfg = Release|Any CPU
		{E8853C88-8BE0-482F-A4BF-52C647181E1F}.Release|Any CPU.Build.0 = Release|Any CPU
		{CBAC0BB4-5D8A-41A5-827A-8B7728B30F90}.Debug|Any CPU.ActiveCfg = Debug|Any CPU
		{CBAC0BB4-5D8A-41A5-827A-8B7728B30F90}.Debug|Any CPU.Build.0 = Debug|Any CPU
		{CBAC0BB4-5D8A-41A5-827A-8B7728B30F90}.Release|Any CPU.ActiveCfg = Release|Any CPU
		{CBAC0BB4-5D8A-41A5-827A-8B7728B30F90}.Release|Any CPU.Build.0 = Release|Any CPU
		{45241F14-997A-4AD5-9B79-DD86AF2E16C5}.Debug|Any CPU.ActiveCfg = Debug|Any CPU
		{45241F14-997A-4AD5-9B79-DD86AF2E16C5}.Debug|Any CPU.Build.0 = Debug|Any CPU
		{45241F14-997A-4AD5-9B79-DD86AF2E16C5}.Release|Any CPU.ActiveCfg = Release|Any CPU
		{45241F14-997A-4AD5-9B79-DD86AF2E16C5}.Release|Any CPU.Build.0 = Release|Any CPU
	EndGlobalSection
	GlobalSection(SolutionProperties) = preSolution
		HideSolutionNode = FALSE
	EndGlobalSection
	GlobalSection(ExtensibilityGlobals) = postSolution
		SolutionGuid = {5D1CFDAF-BE54-482E-A1E7-7E8017F05AB7}
	EndGlobalSection
EndGlobal
